
Microsoft Visual Studio Solution File, Format Version 12.00
# Visual Studio Version 16
VisualStudioVersion = 16.0.29709.97
MinimumVisualStudioVersion = 10.0.40219.1
Project("{FAE04EC0-301F-11D3-BF4B-00C04F79EFBC}") = "SampleOrdersWebAPI", "SampleOrdersWebAPI\SampleOrdersWebAPI.csproj", "{74C26FAF-F95B-4DFC-B04B-5D1A21046B0E}"
EndProject
Global
	GlobalSection(SolutionConfigurationPlatforms) = preSolution
		Debug|Any CPU = Debug|Any CPU
		Release|Any CPU = Release|Any CPU
	EndGlobalSection
	GlobalSection(ProjectConfigurationPlatforms) = postSolution
		{74C26FAF-F95B-4DFC-B04B-5D1A21046B0E}.Debug|Any CPU.ActiveCfg = Debug|Any CPU
		{74C26FAF-F95B-4DFC-B04B-5D1A21046B0E}.Debug|Any CPU.Build.0 = Debug|Any CPU
		{74C26FAF-F95B-4DFC-B04B-5D1A21046B0E}.Release|Any CPU.ActiveCfg = Release|Any CPU
		{74C26FAF-F95B-4DFC-B04B-5D1A21046B0E}.Release|Any CPU.Build.0 = Release|Any CPU
	EndGlobalSection
	GlobalSection(SolutionProperties) = preSolution
		HideSolutionNode = FALSE
	EndGlobalSection
	GlobalSection(ExtensibilityGlobals) = postSolution
		SolutionGuid = {944E42C6-79F4-43FB-B8D1-A0AEF093650C}
	EndGlobalSection
EndGlobal
